// !$*UTF8*$!
{
	archiveVersion = 1;
	classes = {
	};
	objectVersion = 77;
	objects = {

/* Begin PBXBuildFile section */
		B00000000000000000000001 /* SwiftUIFixtureApp.swift in Sources */ = {isa = PBXBuildFile; fileRef = A00000000000000000000001 /* SwiftUIFixtureApp.swift */; };
		B00000000000000000000002 /* FixtureRootView.swift in Sources */ = {isa = PBXBuildFile; fileRef = A00000000000000000000002 /* FixtureRootView.swift */; };
		B00000000000000000000003 /* HomeScreen.swift in Sources */ = {isa = PBXBuildFile; fileRef = A00000000000000000000003 /* HomeScreen.swift */; };
		B00000000000000000000004 /* DetailScreen.swift in Sources */ = {isa = PBXBuildFile; fileRef = A00000000000000000000004 /* DetailScreen.swift */; };
		B00000000000000000000005 /* FormScreen.swift in Sources */ = {isa = PBXBuildFile; fileRef = A00000000000000000000005 /* FormScreen.swift */; };
		B00000000000000000000006 /* ModalScreen.swift in Sources */ = {isa = PBXBuildFile; fileRef = A00000000000000000000006 /* ModalScreen.swift */; };
		B00000000000000000000007 /* LongListScreen.swift in Sources */ = {isa = PBXBuildFile; fileRef = A00000000000000000000007 /* LongListScreen.swift */; };
		B00000000000000000000008 /* Localizable.xcstrings in Resources */ = {isa = PBXBuildFile; fileRef = A00000000000000000000008 /* Localizable.xcstrings */; };
		B00000000000000000000009 /* FixtureScreen.swift in Sources */ = {isa = PBXBuildFile; fileRef = A00000000000000000000009 /* FixtureScreen.swift */; };
		B0000000000000000000000A /* FixtureLaunchConfiguration.swift in Sources */ = {isa = PBXBuildFile; fileRef = A0000000000000000000000A /* FixtureLaunchConfiguration.swift */; };
		B0000000000000000000000B /* FixtureContent.swift in Sources */ = {isa = PBXBuildFile; fileRef = A0000000000000000000000B /* FixtureContent.swift */; };
		B0000000000000000000000C /* FixtureAccessibilityID.swift in Sources */ = {isa = PBXBuildFile; fileRef = A0000000000000000000000C /* FixtureAccessibilityID.swift */; };
/* End PBXBuildFile section */

/* Begin PBXFileReference section */
		A00000000000000000000001 /* SwiftUIFixtureApp.swift */ = {isa = PBXFileReference; lastKnownFileType = sourcecode.swift; path = SwiftUIFixtureApp.swift; sourceTree = "<group>"; };
		A00000000000000000000002 /* FixtureRootView.swift */ = {isa = PBXFileReference; lastKnownFileType = sourcecode.swift; path = FixtureRootView.swift; sourceTree = "<group>"; };
		A00000000000000000000003 /* HomeScreen.swift */ = {isa = PBXFileReference; lastKnownFileType = sourcecode.swift; path = HomeScreen.swift; sourceTree = "<group>"; };
		A00000000000000000000004 /* DetailScreen.swift */ = {isa = PBXFileReference; lastKnownFileType = sourcecode.swift; path = DetailScreen.swift; sourceTree = "<group>"; };
		A00000000000000000000005 /* FormScreen.swift */ = {isa = PBXFileReference; lastKnownFileType = sourcecode.swift; path = FormScreen.swift; sourceTree = "<group>"; };
		A00000000000000000000006 /* ModalScreen.swift */ = {isa = PBXFileReference; lastKnownFileType = sourcecode.swift; path = ModalScreen.swift; sourceTree = "<group>"; };
		A00000000000000000000007 /* LongListScreen.swift */ = {isa = PBXFileReference; lastKnownFileType = sourcecode.swift; path = LongListScreen.swift; sourceTree = "<group>"; };
		A00000000000000000000008 /* Localizable.xcstrings */ = {isa = PBXFileReference; lastKnownFileType = text.json.xcstrings; path = Localizable.xcstrings; sourceTree = "<group>"; };
		A00000000000000000000009 /* FixtureScreen.swift */ = {isa = PBXFileReference; lastKnownFileType = sourcecode.swift; path = FixtureScreen.swift; sourceTree = "<group>"; };
		A0000000000000000000000A /* FixtureLaunchConfiguration.swift */ = {isa = PBXFileReference; lastKnownFileType = sourcecode.swift; path = FixtureLaunchConfiguration.swift; sourceTree = "<group>"; };
		A0000000000000000000000B /* FixtureContent.swift */ = {isa = PBXFileReference; lastKnownFileType = sourcecode.swift; path = FixtureContent.swift; sourceTree = "<group>"; };
		A0000000000000000000000C /* FixtureAccessibilityID.swift */ = {isa = PBXFileReference; lastKnownFileType = sourcecode.swift; path = FixtureAccessibilityID.swift; sourceTree = "<group>"; };
		A0000000000000000000000D /* SwiftUIFixture.app */ = {isa = PBXFileReference; explicitFileType = wrapper.application; includeInIndex = 0; path = SwiftUIFixture.app; sourceTree = BUILT_PRODUCTS_DIR; };
/* End PBXFileReference section */

/* Begin PBXFrameworksBuildPhase section */
		D00000000000000000000002 /* Frameworks */ = {
			isa = PBXFrameworksBuildPhase;
			buildActionMask = 2147483647;
			files = (
			);
			runOnlyForDeploymentPostprocessing = 0;
		};
/* End PBXFrameworksBuildPhase section */

/* Begin PBXGroup section */
		C00000000000000000000001 = {
			isa = PBXGroup;
			children = (
				C00000000000000000000002 /* SwiftUIFixture */,
				C00000000000000000000003 /* Shared */,
				C00000000000000000000004 /* PilotFixtureSupport */,
				C00000000000000000000005 /* Products */,
			);
			sourceTree = "<group>";
		};
		C00000000000000000000002 /* SwiftUIFixture */ = {
			isa = PBXGroup;
			children = (
				A00000000000000000000001 /* SwiftUIFixtureApp.swift */,
				A00000000000000000000002 /* FixtureRootView.swift */,
				A00000000000000000000003 /* HomeScreen.swift */,
				A00000000000000000000004 /* DetailScreen.swift */,
				A00000000000000000000005 /* FormScreen.swift */,
				A00000000000000000000006 /* ModalScreen.swift */,
				A00000000000000000000007 /* LongListScreen.swift */,
			);
			path = SwiftUIFixture;
			sourceTree = "<group>";
		};
		C00000000000000000000003 /* Shared */ = {
			isa = PBXGroup;
			children = (
				A00000000000000000000008 /* Localizable.xcstrings */,
			);
			path = Shared;
			sourceTree = "<group>";
		};
		C00000000000000000000004 /* PilotFixtureSupport */ = {
			isa = PBXGroup;
			children = (
				A0000000000000000000000C /* FixtureAccessibilityID.swift */,
				A0000000000000000000000B /* FixtureContent.swift */,
				A0000000000000000000000A /* FixtureLaunchConfiguration.swift */,
				A00000000000000000000009 /* FixtureScreen.swift */,
			);
			path = ../../Sources/PilotFixtureSupport;
			sourceTree = "<group>";
		};
		C00000000000000000000005 /* Products */ = {
			isa = PBXGroup;
			children = (
				A0000000000000000000000D /* SwiftUIFixture.app */,
			);
			name = Products;
			sourceTree = "<group>";
		};
/* End PBXGroup section */

/* Begin PBXNativeTarget section */
		E00000000000000000000001 /* SwiftUIFixture */ = {
			isa = PBXNativeTarget;
			buildConfigurationList = I00000000000000000000002 /* Build configuration list for PBXNativeTarget "SwiftUIFixture" */;
			buildPhases = (
				D00000000000000000000001 /* Sources */,
				D00000000000000000000002 /* Frameworks */,
				D00000000000000000000003 /* Resources */,
			);
			buildRules = (
			);
			dependencies = (
			);
			name = SwiftUIFixture;
			packageProductDependencies = (
			);
			productName = SwiftUIFixture;
			productReference = A0000000000000000000000D /* SwiftUIFixture.app */;
			productType = "com.apple.product-type.application";
		};
/* End PBXNativeTarget section */

/* Begin PBXProject section */
		F00000000000000000000001 /* Project object */ = {
			isa = PBXProject;
			attributes = {
				BuildIndependentTargetsInParallel = 1;
				LastSwiftUpdateCheck = 2650;
				LastUpgradeCheck = 2650;
				TargetAttributes = {
					E00000000000000000000001 = {
						CreatedOnToolsVersion = 26.5;
					};
				};
			};
			buildConfigurationList = I00000000000000000000001 /* Build configuration list for PBXProject "PilotFixtures" */;
			developmentRegion = en;
			hasScannedForEncodings = 0;
			knownRegions = (
				en,
				Base,
				"zh-Hans",
			);
			mainGroup = C00000000000000000000001;
			minimizedProjectReferenceProxies = 1;
			preferredProjectObjectVersion = 77;
			productRefGroup = C00000000000000000000005 /* Products */;
			projectDirPath = "";
			projectRoot = "";
			targets = (
				E00000000000000000000001 /* SwiftUIFixture */,
			);
		};
/* End PBXProject section */

/* Begin PBXResourcesBuildPhase section */
		D00000000000000000000003 /* Resources */ = {
			isa = PBXResourcesBuildPhase;
			buildActionMask = 2147483647;
			files = (
				B00000000000000000000008 /* Localizable.xcstrings in Resources */,
			);
			runOnlyForDeploymentPostprocessing = 0;
		};
/* End PBXResourcesBuildPhase section */

/* Begin PBXSourcesBuildPhase section */
		D00000000000000000000001 /* Sources */ = {
			isa = PBXSourcesBuildPhase;
			buildActionMask = 2147483647;
			files = (
				B00000000000000000000001 /* SwiftUIFixtureApp.swift in Sources */,
				B00000000000000000000002 /* FixtureRootView.swift in Sources */,
				B00000000000000000000003 /* HomeScreen.swift in Sources */,
				B00000000000000000000004 /* DetailScreen.swift in Sources */,
				B00000000000000000000005 /* FormScreen.swift in Sources */,
				B00000000000000000000006 /* ModalScreen.swift in Sources */,
				B00000000000000000000007 /* LongListScreen.swift in Sources */,
				B00000000000000000000009 /* FixtureScreen.swift in Sources */,
				B0000000000000000000000A /* FixtureLaunchConfiguration.swift in Sources */,
				B0000000000000000000000B /* FixtureContent.swift in Sources */,
				B0000000000000000000000C /* FixtureAccessibilityID.swift in Sources */,
			);
			runOnlyForDeploymentPostprocessing = 0;
		};
/* End PBXSourcesBuildPhase section */

/* Begin XCBuildConfiguration section */
		G00000000000000000000001 /* Debug */ = {
			isa = XCBuildConfiguration;
			buildSettings = {
				CODE_SIGN_STYLE = Automatic;
				CURRENT_PROJECT_VERSION = 1;
				DEVELOPMENT_TEAM = "";
				ENABLE_PREVIEWS = YES;
				GENERATE_INFOPLIST_FILE = YES;
				INFOPLIST_KEY_CFBundleDisplayName = "SwiftUI Fixture";
				INFOPLIST_KEY_LSApplicationCategoryType = "public.app-category.developer-tools";
				INFOPLIST_KEY_UIApplicationSceneManifest_Generation = YES;
				INFOPLIST_KEY_UIApplicationSupportsIndirectInputEvents = YES;
				INFOPLIST_KEY_UILaunchScreen_Generation = YES;
				IPHONEOS_DEPLOYMENT_TARGET = 17.0;
				LD_RUNPATH_SEARCH_PATHS = (
					"$(inherited)",
					"@executable_path/Frameworks",
				);
				MARKETING_VERSION = 0.1.0;
				PRODUCT_BUNDLE_IDENTIFIER = org.thliu21.uistatecompiler.swiftuifixture;
				PRODUCT_NAME = "$(TARGET_NAME)";
				SDKROOT = iphoneos;
				SUPPORTED_PLATFORMS = "iphoneos iphonesimulator";
				SUPPORTS_MACCATALYST = NO;
				SWIFT_EMIT_LOC_STRINGS = YES;
				SWIFT_VERSION = 6.0;
				TARGETED_DEVICE_FAMILY = 1;
			};
			name = Debug;
		};
		G00000000000000000000002 /* Release */ = {
			isa = XCBuildConfiguration;
			buildSettings = {
				CODE_SIGN_STYLE = Automatic;
				CURRENT_PROJECT_VERSION = 1;
				DEVELOPMENT_TEAM = "";
				GENERATE_INFOPLIST_FILE = YES;
				INFOPLIST_KEY_CFBundleDisplayName = "SwiftUI Fixture";
				INFOPLIST_KEY_LSApplicationCategoryType = "public.app-category.developer-tools";
				INFOPLIST_KEY_UIApplicationSceneManifest_Generation = YES;
				INFOPLIST_KEY_UIApplicationSupportsIndirectInputEvents = YES;
				INFOPLIST_KEY_UILaunchScreen_Generation = YES;
				IPHONEOS_DEPLOYMENT_TARGET = 17.0;
				LD_RUNPATH_SEARCH_PATHS = (
					"$(inherited)",
					"@executable_path/Frameworks",
				);
				MARKETING_VERSION = 0.1.0;
				PRODUCT_BUNDLE_IDENTIFIER = org.thliu21.uistatecompiler.swiftuifixture;
				PRODUCT_NAME = "$(TARGET_NAME)";
				SDKROOT = iphoneos;
				SUPPORTED_PLATFORMS = "iphoneos iphonesimulator";
				SUPPORTS_MACCATALYST = NO;
				SWIFT_EMIT_LOC_STRINGS = YES;
				SWIFT_VERSION = 6.0;
				TARGETED_DEVICE_FAMILY = 1;
			};
			name = Release;
		};
		H00000000000000000000001 /* Debug */ = {
			isa = XCBuildConfiguration;
			buildSettings = {
				ALWAYS_SEARCH_USER_PATHS = NO;
				CLANG_ENABLE_MODULES = YES;
				CLANG_ENABLE_OBJC_ARC = YES;
				COPY_PHASE_STRIP = NO;
				DEBUG_INFORMATION_FORMAT = dwarf;
				ENABLE_TESTABILITY = YES;
				GCC_C_LANGUAGE_STANDARD = gnu17;
				IPHONEOS_DEPLOYMENT_TARGET = 17.0;
				LOCALIZATION_PREFERS_STRING_CATALOGS = YES;
				ONLY_ACTIVE_ARCH = YES;
				SDKROOT = iphoneos;
				SWIFT_ACTIVE_COMPILATION_CONDITIONS = "DEBUG $(inherited)";
				SWIFT_OPTIMIZATION_LEVEL = "-Onone";
			};
			name = Debug;
		};
		H00000000000000000000002 /* Release */ = {
			isa = XCBuildConfiguration;
			buildSettings = {
				ALWAYS_SEARCH_USER_PATHS = NO;
				CLANG_ENABLE_MODULES = YES;
				CLANG_ENABLE_OBJC_ARC = YES;
				COPY_PHASE_STRIP = NO;
				DEBUG_INFORMATION_FORMAT = "dwarf-with-dsym";
				GCC_C_LANGUAGE_STANDARD = gnu17;
				IPHONEOS_DEPLOYMENT_TARGET = 17.0;
				LOCALIZATION_PREFERS_STRING_CATALOGS = YES;
				SDKROOT = iphoneos;
				SWIFT_COMPILATION_MODE = wholemodule;
			};
			name = Release;
		};
/* End XCBuildConfiguration section */

/* Begin XCConfigurationList section */
		I00000000000000000000001 /* Build configuration list for PBXProject "PilotFixtures" */ = {
			isa = XCConfigurationList;
			buildConfigurations = (
				H00000000000000000000001 /* Debug */,
				H00000000000000000000002 /* Release */,
			);
			defaultConfigurationIsVisible = 0;
			defaultConfigurationName = Release;
		};
		I00000000000000000000002 /* Build configuration list for PBXNativeTarget "SwiftUIFixture" */ = {
			isa = XCConfigurationList;
			buildConfigurations = (
				G00000000000000000000001 /* Debug */,
				G00000000000000000000002 /* Release */,
			);
			defaultConfigurationIsVisible = 0;
			defaultConfigurationName = Release;
		};
/* End XCConfigurationList section */
	};
	rootObject = F00000000000000000000001 /* Project object */;
}
